
Microsoft Visual Studio Solution File, Format Version 12.00
# Visual Studio Version 17
VisualStudioVersion = 17.12.35827.183
MinimumVisualStudioVersion = 10.0.40219.1
Project("{2150E333-8FDC-42A3-9474-1A3956D46DE8}") = "src", "src", "{1B9F5751-2942-4EFE-8B47-8E1B0447F928}"
EndProject
Project("{FAE04EC0-301F-11D3-BF4B-00C04F79EFBC}") = "Au5.BackEnd", "src\Au5.BackEnd\Au5.BackEnd.csproj", "{EEAA0FDF-1261-41E1-9D78-F5C3CB044DE1}"
EndProject
Project("{2150E333-8FDC-42A3-9474-1A3956D46DE8}") = "core", "core", "{7E2880E5-536D-4250-9A07-9D8104F43410}"
EndProject
Project("{FAE04EC0-301F-11D3-BF4B-00C04F79EFBC}") = "Au5.Domain", "src\Au5.Domain\Au5.Domain.csproj", "{AE7BA764-9419-43A7-B76E-0012707E032B}"
EndProject
Project("{2150E333-8FDC-42A3-9474-1A3956D46DE8}") = "Solution Items", "Solution Items", "{4321372D-8F6F-4ADC-8BC3-6B61FF4DE5D8}"
	ProjectSection(SolutionItems) = preProject
		.editorconfig = .editorconfig
		Directory.Build.props = Directory.Build.props
		Directory.Packages.props = Directory.Packages.props
		Dockerfile = Dockerfile
		README.md = README.md
		stylecop.json = stylecop.json
	EndProjectSection
EndProject
Project("{FAE04EC0-301F-11D3-BF4B-00C04F79EFBC}") = "Au5.AppHost", "src\Au5.AppHost\Au5.AppHost.csproj", "{DE6264D8-A279-4C85-8698-7898CC32C146}"
EndProject
Project("{FAE04EC0-301F-11D3-BF4B-00C04F79EFBC}") = "Au5.ServiceDefaults", "src\Au5.ServiceDefaults\Au5.ServiceDefaults.csproj", "{FA5FFD91-5E8D-4B09-B6FC-F33139B99865}"
EndProject
Project("{FAE04EC0-301F-11D3-BF4B-00C04F79EFBC}") = "Au5.Application", "src\Au5.Application\Au5.Application.csproj", "{82BE10CE-4FC9-4BCD-9C1F-6956D9EBB2B2}"
EndProject
Project("{2150E333-8FDC-42A3-9474-1A3956D46DE8}") = "tests", "tests", "{26D7990D-52FC-4D8C-B3DC-E07A3FEA7634}"
EndProject
Project("{FAE04EC0-301F-11D3-BF4B-00C04F79EFBC}") = "Au5.UnitTests", "tests\Au5.UnitTests\Au5.UnitTests.csproj", "{9DD33187-55E5-4632-BCE2-AE1CBC20967D}"
EndProject
Project("{FAE04EC0-301F-11D3-BF4B-00C04F79EFBC}") = "Au5.Infrastructure", "src\Au5.Infrastructure\Au5.Infrastructure.csproj", "{FC94A1BD-311C-4C46-8825-1910AFA7C34E}"
EndProject
Project("{FAE04EC0-301F-11D3-BF4B-00C04F79EFBC}") = "Au5.Shared", "src\Au5.Shared\Au5.Shared.csproj", "{022E4185-0715-4F2C-88A0-7A4F88E4EDF3}"
EndProject
Project("{FAE04EC0-301F-11D3-BF4B-00C04F79EFBC}") = "Au5.IntegrationTests", "tests\Au5.IntegrationTests\Au5.IntegrationTests.csproj", "{0D2D2D14-A214-0926-1676-BC61136747BE}"
EndProject
Global
	GlobalSection(SolutionConfigurationPlatforms) = preSolution
		Debug|Any CPU = Debug|Any CPU
		Release|Any CPU = Release|Any CPU
	EndGlobalSection
	GlobalSection(ProjectConfigurationPlatforms) = postSolution
		{EEAA0FDF-1261-41E1-9D78-F5C3CB044DE1}.Debug|Any CPU.ActiveCfg = Debug|Any CPU
		{EEAA0FDF-1261-41E1-9D78-F5C3CB044DE1}.Debug|Any CPU.Build.0 = Debug|Any CPU
		{EEAA0FDF-1261-41E1-9D78-F5C3CB044DE1}.Release|Any CPU.ActiveCfg = Release|Any CPU
		{EEAA0FDF-1261-41E1-9D78-F5C3CB044DE1}.Release|Any CPU.Build.0 = Release|Any CPU
		{AE7BA764-9419-43A7-B76E-0012707E032B}.Debug|Any CPU.ActiveCfg = Debug|Any CPU
		{AE7BA764-9419-43A7-B76E-0012707E032B}.Debug|Any CPU.Build.0 = Debug|Any CPU
		{AE7BA764-9419-43A7-B76E-0012707E032B}.Release|Any CPU.ActiveCfg = Release|Any CPU
		{AE7BA764-9419-43A7-B76E-0012707E032B}.Release|Any CPU.Build.0 = Release|Any CPU
		{DE6264D8-A279-4C85-8698-7898CC32C146}.Debug|Any CPU.ActiveCfg = Debug|Any CPU
		{DE6264D8-A279-4C85-8698-7898CC32C146}.Debug|Any CPU.Build.0 = Debug|Any CPU
		{DE6264D8-A279-4C85-8698-7898CC32C146}.Release|Any CPU.ActiveCfg = Release|Any CPU
		{DE6264D8-A279-4C85-8698-7898CC32C146}.Release|Any CPU.Build.0 = Release|Any CPU
		{FA5FFD91-5E8D-4B09-B6FC-F33139B99865}.Debug|Any CPU.ActiveCfg = Debug|Any CPU
		{FA5FFD91-5E8D-4B09-B6FC-F33139B99865}.Debug|Any CPU.Build.0 = Debug|Any CPU
		{FA5FFD91-5E8D-4B09-B6FC-F33139B99865}.Release|Any CPU.ActiveCfg = Release|Any CPU
		{FA5FFD91-5E8D-4B09-B6FC-F33139B99865}.Release|Any CPU.Build.0 = Release|Any CPU
		{82BE10CE-4FC9-4BCD-9C1F-6956D9EBB2B2}.Debug|Any CPU.ActiveCfg = Debug|Any CPU
		{82BE10CE-4FC9-4BCD-9C1F-6956D9EBB2B2}.Debug|Any CPU.Build.0 = Debug|Any CPU
		{82BE10CE-4FC9-4BCD-9C1F-6956D9EBB2B2}.Release|Any CPU.ActiveCfg = Release|Any CPU
		{82BE10CE-4FC9-4BCD-9C1F-6956D9EBB2B2}.Release|Any CPU.Build.0 = Release|Any CPU
		{9DD33187-55E5-4632-BCE2-AE1CBC20967D}.Debug|Any CPU.ActiveCfg = Debug|Any CPU
		{9DD33187-55E5-4632-BCE2-AE1CBC20967D}.Debug|Any CPU.Build.0 = Debug|Any CPU
		{9DD33187-55E5-4632-BCE2-AE1CBC20967D}.Release|Any CPU.ActiveCfg = Release|Any CPU
		{9DD33187-55E5-4632-BCE2-AE1CBC20967D}.Release|Any CPU.Build.0 = Release|Any CPU
		{FC94A1BD-311C-4C46-8825-1910AFA7C34E}.Debug|Any CPU.ActiveCfg = Debug|Any CPU
		{FC94A1BD-311C-4C46-8825-1910AFA7C34E}.Debug|Any CPU.Build.0 = Debug|Any CPU
		{FC94A1BD-311C-4C46-8825-1910AFA7C34E}.Release|Any CPU.ActiveCfg = Release|Any CPU
		{FC94A1BD-311C-4C46-8825-1910AFA7C34E}.Release|Any CPU.Build.0 = Release|Any CPU
		{022E4185-0715-4F2C-88A0-7A4F88E4EDF3}.Debug|Any CPU.ActiveCfg = Debug|Any CPU
		{022E4185-0715-4F2C-88A0-7A4F88E4EDF3}.Debug|Any CPU.Build.0 = Debug|Any CPU
		{022E4185-0715-4F2C-88A0-7A4F88E4EDF3}.Release|Any CPU.ActiveCfg = Release|Any CPU
		{022E4185-0715-4F2C-88A0-7A4F88E4EDF3}.Release|Any CPU.Build.0 = Release|Any CPU
		{0D2D2D14-A214-0926-1676-BC61136747BE}.Debug|Any CPU.ActiveCfg = Debug|Any CPU
		{0D2D2D14-A214-0926-1676-BC61136747BE}.Debug|Any CPU.Build.0 = Debug|Any CPU
		{0D2D2D14-A214-0926-1676-BC61136747BE}.Release|Any CPU.ActiveCfg = Release|Any CPU
		{0D2D2D14-A214-0926-1676-BC61136747BE}.Release|Any CPU.Build.0 = Release|Any CPU
	EndGlobalSection
	GlobalSection(SolutionProperties) = preSolution
		HideSolutionNode = FALSE
	EndGlobalSection
	GlobalSection(NestedProjects) = preSolution
		{EEAA0FDF-1261-41E1-9D78-F5C3CB044DE1} = {1B9F5751-2942-4EFE-8B47-8E1B0447F928}
		{7E2880E5-536D-4250-9A07-9D8104F43410} = {1B9F5751-2942-4EFE-8B47-8E1B0447F928}
		{AE7BA764-9419-43A7-B76E-0012707E032B} = {7E2880E5-536D-4250-9A07-9D8104F43410}
		{DE6264D8-A279-4C85-8698-7898CC32C146} = {1B9F5751-2942-4EFE-8B47-8E1B0447F928}
		{FA5FFD91-5E8D-4B09-B6FC-F33139B99865} = {1B9F5751-2942-4EFE-8B47-8E1B0447F928}
		{82BE10CE-4FC9-4BCD-9C1F-6956D9EBB2B2} = {7E2880E5-536D-4250-9A07-9D8104F43410}
		{9DD33187-55E5-4632-BCE2-AE1CBC20967D} = {26D7990D-52FC-4D8C-B3DC-E07A3FEA7634}
		{FC94A1BD-311C-4C46-8825-1910AFA7C34E} = {1B9F5751-2942-4EFE-8B47-8E1B0447F928}
		{022E4185-0715-4F2C-88A0-7A4F88E4EDF3} = {1B9F5751-2942-4EFE-8B47-8E1B0447F928}
		{0D2D2D14-A214-0926-1676-BC61136747BE} = {26D7990D-52FC-4D8C-B3DC-E07A3FEA7634}
	EndGlobalSection
EndGlobal
